
Microsoft Visual Studio Solution File, Format Version 12.00
# Visual Studio Version 17
VisualStudioVersion = 17.9.34622.214
MinimumVisualStudioVersion = 10.0.40219.1
Project("{FAE04EC0-301F-11D3-BF4B-00C04F79EFBC}") = "DazzleShop", "DazzleShop\DazzleShop.csproj", "{A977B550-0BB2-42AC-A49E-55C484FC71FF}"
EndProject
Global
	GlobalSection(SolutionConfigurationPlatforms) = preSolution
		Debug|Any CPU = Debug|Any CPU
		Release|Any CPU = Release|Any CPU
	EndGlobalSection
	GlobalSection(ProjectConfigurationPlatforms) = postSolution
		{A977B550-0BB2-42AC-A49E-55C484FC71FF}.Debug|Any CPU.ActiveCfg = Debug|Any CPU
		{A977B550-0BB2-42AC-A49E-55C484FC71FF}.Debug|Any CPU.Build.0 = Debug|Any CPU
		{A977B550-0BB2-42AC-A49E-55C484FC71FF}.Release|Any CPU.ActiveCfg = Release|Any CPU
		{A977B550-0BB2-42AC-A49E-55C484FC71FF}.Release|Any CPU.Build.0 = Release|Any CPU
	EndGlobalSection
	GlobalSection(SolutionProperties) = preSolution
		HideSolutionNode = FALSE
	EndGlobalSection
	GlobalSection(ExtensibilityGlobals) = postSolution
		SolutionGuid = {49B45D92-B3FE-438E-B86E-1A5F8FF3C2B1}
	EndGlobalSection
EndGlobal
